<?xml version="1.0" encoding="utf-8"?>
<Project ToolsVersion="4.0" xmlns="http://schemas.microsoft.com/developer/msbuild/2003">
  <ItemGroup>
    <Filter Include="Header Files">
      <UniqueIdentifier>{fbdf91b1-88d0-47fb-9788-39556fe6f245}</UniqueIdentifier>
    </Filter>
    <Filter Include="Source Files">
      <UniqueIdentifier>{08e36723-ce4f-4cff-9662-c40801cf1acf}</UniqueIdentifier>
    </Filter>
    <Filter Include="Source Files\imgui">
      <UniqueIdentifier>{94a0f40c-eda7-43ef-b54f-fcff100f5f1c}</UniqueIdentifier>
    </Filter>
    <Filter Include="Header Files\imgui">
      <UniqueIdentifier>{5e198232-1ee8-4fd8-9af8-52396a8a0bd9}</UniqueIdentifier>
    </Filter>
    <Filter Include="Header Files\pcan">
      <UniqueIdentifier>{565ca6d7-9c9b-4408-a97b-37f3e0c4344b}</UniqueIdentifier>
    </Filter>
    <Filter Include="Source Files\pcan">
      <UniqueIdentifier>{4bb80b6f-71ed-403c-8eab-aa2fd5df8116}</UniqueIdentifier>
    </Filter>
    <Filter Include="lib">
      <UniqueIdentifier>{fc5d79b9-387e-489b-9241-f05f2d37f35e}</UniqueIdentifier>
    </Filter>
    <Filter Include="lib\pcan">
      <UniqueIdentifier>{ae8eff78-f3a8-42a3-977c-bb7de1068e8e}</UniqueIdentifier>
    </Filter>
    <Filter Include="lib\pcan\x64">
      <UniqueIdentifier>{826e2f57-ee96-468d-9d57-50e7d7c0081f}</UniqueIdentifier>
    </Filter>
    <Filter Include="lib\pcan\x86">
      <UniqueIdentifier>{697e3bd0-bcbf-40e6-a9b8-1a3afa93417c}</UniqueIdentifier>
    </Filter>
    <Filter Include="Header Files\fsc">
      <UniqueIdentifier>{87ddb97d-4057-4a3e-b31e-c7ce96bba730}</UniqueIdentifier>
    </Filter>
    <Filter Include="Source Files\fsc">
      <UniqueIdentifier>{87501984-c22c-4607-81ef-649d1dc273ba}</UniqueIdentifier>
    </Filter>
    <Filter Include="Header Files\imguizmo">
      <UniqueIdentifier>{f64a6ede-d7da-4b88-9356-521f3810571f}</UniqueIdentifier>
    </Filter>
    <Filter Include="Source Files\imguizmo">
      <UniqueIdentifier>{5a343728-5878-487e-b092-8e0ab7457d3c}</UniqueIdentifier>
    </Filter>
    <Filter Include="Source Files\kalman">
      <UniqueIdentifier>{53c4c910-3853-478b-a7b4-af12e2840da4}</UniqueIdentifier>
    </Filter>
    <Filter Include="Header Files\kalman">
      <UniqueIdentifier>{f72fa829-c135-4e12-b49c-0729f2f20f3f}</UniqueIdentifier>
    </Filter>
    <Filter Include="Header Files\sudoku">
      <UniqueIdentifier>{57dc6703-9960-48b1-a4c4-a792c204a86f}</UniqueIdentifier>
    </Filter>
    <Filter Include="Source Files\sudoku">
      <UniqueIdentifier>{ea21439e-9834-45be-a284-1c1d578da4af}</UniqueIdentifier>
    </Filter>
    <Filter Include="Header Files\json">
      <UniqueIdentifier>{d1f39139-f9fa-4003-8db4-4978ea550720}</UniqueIdentifier>
    </Filter>
    <Filter Include="Source Files\json">
      <UniqueIdentifier>{5af419b1-7da2-4ead-ac0e-106294b2f2c1}</UniqueIdentifier>
    </Filter>
    <Filter Include="Header Files\NativeFileDialog">
      <UniqueIdentifier>{949dde22-4a24-4542-8fbe-e16ffe2dddeb}</UniqueIdentifier>
    </Filter>
    <Filter Include="Source Files\NativeFileDialog">
      <UniqueIdentifier>{5f0494cb-1d3c-43c7-92cf-b4928daa2e16}</UniqueIdentifier>
    </Filter>
    <Filter Include="Header Files\kinematics">
      <UniqueIdentifier>{c852729c-cd0e-43d1-9fc7-54704bae8fb2}</UniqueIdentifier>
    </Filter>
    <Filter Include="Source Files\kinematics">
      <UniqueIdentifier>{3a63a34a-46c8-417e-87d5-78411b1111d7}</UniqueIdentifier>
    </Filter>
    <Filter Include="Header Files\motionController">
      <UniqueIdentifier>{f3fb4de0-fa9f-431c-9d3d-7efed55e68df}</UniqueIdentifier>
    </Filter>
    <Filter Include="Source Files\motionController">
      <UniqueIdentifier>{6e604e4b-3e5d-42a4-ba22-7b9be2dbc82e}</UniqueIdentifier>
    </Filter>
    <Filter Include="Header Files\joystickHandling">
      <UniqueIdentifier>{b21c1792-d5ba-47f0-b898-6eb17ff77ea7}</UniqueIdentifier>
    </Filter>
    <Filter Include="Source Files\joystickHandling">
      <UniqueIdentifier>{1da1ac80-7ef8-4362-8e10-f0fcb6f8d55d}</UniqueIdentifier>
    </Filter>
    <Filter Include="Header Files\openssl">
      <UniqueIdentifier>{4631abb6-dda9-437e-bc24-889223f26679}</UniqueIdentifier>
    </Filter>
    <Filter Include="Header Files\RC40Flasher">
      <UniqueIdentifier>{1eca4063-bbd0-4ae0-a021-8a5fe56e9207}</UniqueIdentifier>
    </Filter>
    <Filter Include="Source Files\RC40Flasher">
      <UniqueIdentifier>{a77997f7-2838-4363-bad8-3da0ddd970e6}</UniqueIdentifier>
    </Filter>
  </ItemGroup>
  <ItemGroup>
    <ClInclude Include="imgui\imconfig.h">
      <Filter>Header Files\imgui</Filter>
    </ClInclude>
    <ClInclude Include="imgui\imgui.h">
      <Filter>Header Files\imgui</Filter>
    </ClInclude>
    <ClInclude Include="imgui\imgui_impl_dx11.h">
      <Filter>Header Files\imgui</Filter>
    </ClInclude>
    <ClInclude Include="imgui\imgui_impl_win32.h">
      <Filter>Header Files\imgui</Filter>
    </ClInclude>
    <ClInclude Include="imgui\imgui_internal.h">
      <Filter>Header Files\imgui</Filter>
    </ClInclude>
    <ClInclude Include="imgui\imgui_single_file.h">
      <Filter>Header Files\imgui</Filter>
    </ClInclude>
    <ClInclude Include="imgui\imgui_stdlib.h">
      <Filter>Header Files\imgui</Filter>
    </ClInclude>
    <ClInclude Include="imgui\imstb_rectpack.h">
      <Filter>Header Files\imgui</Filter>
    </ClInclude>
    <ClInclude Include="imgui\imstb_textedit.h">
      <Filter>Header Files\imgui</Filter>
    </ClInclude>
    <ClInclude Include="imgui\imstb_truetype.h">
      <Filter>Header Files\imgui</Filter>
    </ClInclude>
    <ClInclude Include="pcan\03_ManualRead.h">
      <Filter>Header Files\pcan</Filter>
    </ClInclude>
    <ClInclude Include="pcan\PCANBasic.h">
      <Filter>Header Files\pcan</Filter>
    </ClInclude>
    <ClInclude Include="pcan\stdafx.h">
      <Filter>Header Files\pcan</Filter>
    </ClInclude>
    <ClInclude Include="pcan\targetver.h">
      <Filter>Header Files\pcan</Filter>
    </ClInclude>
    <ClInclude Include="fsc\TimersAndCalculations.h">
      <Filter>Header Files\fsc</Filter>
    </ClInclude>
    <ClInclude Include="imguizmo\ImGuizmo.h">
      <Filter>Header Files\imguizmo</Filter>
    </ClInclude>
    <ClInclude Include="fsc\fsc_mahony.h">
      <Filter>Header Files\fsc</Filter>
    </ClInclude>
    <ClInclude Include="fsc\fsc_madgwick.h">
      <Filter>Header Files\fsc</Filter>
    </ClInclude>
    <ClInclude Include="kalman\kalman.h">
      <Filter>Header Files\kalman</Filter>
    </ClInclude>
    <ClInclude Include="sudoku\sudoku.h">
      <Filter>Header Files\sudoku</Filter>
    </ClInclude>
    <ClInclude Include="json\json\json.h">
      <Filter>Header Files\json</Filter>
    </ClInclude>
    <ClInclude Include="json\json\json-forwards.h">
      <Filter>Header Files\json</Filter>
    </ClInclude>
    <ClInclude Include="NativeFileDialog\nfd.h">
      <Filter>Header Files\NativeFileDialog</Filter>
    </ClInclude>
    <ClInclude Include="NativeFileDialog\nfd_common.h">
      <Filter>Header Files\NativeFileDialog</Filter>
    </ClInclude>
    <ClInclude Include="kinematics\FABRIK2D.h">
      <Filter>Header Files\kinematics</Filter>
    </ClInclude>
    <ClInclude Include="kinematics\fsc_iks.h">
      <Filter>Header Files\kinematics</Filter>
    </ClInclude>
    <ClInclude Include="motionController\motionController_1D.h">
      <Filter>Header Files\motionController</Filter>
    </ClInclude>
    <ClInclude Include="motionController\motionController_2D.h">
      <Filter>Header Files\motionController</Filter>
    </ClInclude>
    <ClInclude Include="joystickHandling\joystickHandling.h">
      <Filter>Header Files\joystickHandling</Filter>
    </ClInclude>
    <ClInclude Include="openssl\include\openssl\aes.h">
      <Filter>Header Files\openssl</Filter>
    </ClInclude>
    <ClInclude Include="openssl\include\openssl\evp.h">
      <Filter>Header Files\openssl</Filter>
    </ClInclude>
    <ClInclude Include="RC40Flasher\RC40Flasher.h">
      <Filter>Header Files\RC40Flasher</Filter>
    </ClInclude>
  </ItemGroup>
  <ItemGroup>
    <ClCompile Include="main.cpp">
      <Filter>Source Files</Filter>
    </ClCompile>
    <ClCompile Include="imgui\imgui.cpp">
      <Filter>Source Files\imgui</Filter>
    </ClCompile>
    <ClCompile Include="imgui\imgui_demo.cpp">
      <Filter>Source Files\imgui</Filter>
    </ClCompile>
    <ClCompile Include="imgui\imgui_draw.cpp">
      <Filter>Source Files\imgui</Filter>
    </ClCompile>
    <ClCompile Include="imgui\imgui_impl_dx11.cpp">
      <Filter>Source Files\imgui</Filter>
    </ClCompile>
    <ClCompile Include="imgui\imgui_impl_win32.cpp">
      <Filter>Source Files\imgui</Filter>
    </ClCompile>
    <ClCompile Include="imgui\imgui_stdlib.cpp">
      <Filter>Source Files\imgui</Filter>
    </ClCompile>
    <ClCompile Include="imgui\imgui_tables.cpp">
      <Filter>Source Files\imgui</Filter>
    </ClCompile>
    <ClCompile Include="imgui\imgui_widgets.cpp">
      <Filter>Source Files\imgui</Filter>
    </ClCompile>
    <ClCompile Include="pcan\03_ManualRead.cpp">
      <Filter>Source Files\pcan</Filter>
    </ClCompile>
    <ClCompile Include="pcan\stdafx.cpp">
      <Filter>Source Files\pcan</Filter>
    </ClCompile>
    <ClCompile Include="fsc\TimersAndCalculations.cpp">
      <Filter>Source Files\fsc</Filter>
    </ClCompile>
    <ClCompile Include="imguizmo\ImGuizmo.cpp">
      <Filter>Source Files\imguizmo</Filter>
    </ClCompile>
    <ClCompile Include="fsc\fsc_mahony.cpp">
      <Filter>Source Files\fsc</Filter>
    </ClCompile>
    <ClCompile Include="fsc\fsc_madgwick.cpp">
      <Filter>Source Files\fsc</Filter>
    </ClCompile>
    <ClCompile Include="kalman\kalman.cpp">
      <Filter>Source Files\kalman</Filter>
    </ClCompile>
    <ClCompile Include="sudoku\sudoku.cpp">
      <Filter>Source Files\sudoku</Filter>
    </ClCompile>
    <ClCompile Include="json\jsoncpp.cpp">
      <Filter>Source Files\json</Filter>
    </ClCompile>
    <ClCompile Include="NativeFileDialog\nfd_common.c">
      <Filter>Source Files\NativeFileDialog</Filter>
    </ClCompile>
    <ClCompile Include="NativeFileDialog\nfd_win.cpp">
      <Filter>Source Files\NativeFileDialog</Filter>
    </ClCompile>
    <ClCompile Include="kinematics\FABRIK2D.cpp">
      <Filter>Source Files\kinematics</Filter>
    </ClCompile>
    <ClCompile Include="kinematics\fsc_iks.cpp">
      <Filter>Source Files\kinematics</Filter>
    </ClCompile>
    <ClCompile Include="motionController\motionController_1D.c">
      <Filter>Source Files\motionController</Filter>
    </ClCompile>
    <ClCompile Include="motionController\motionController_2D.c">
      <Filter>Source Files\motionController</Filter>
    </ClCompile>
    <ClCompile Include="joystickHandling\joystickHandling.c">
      <Filter>Source Files\joystickHandling</Filter>
    </ClCompile>
    <ClCompile Include="RC40Flasher\RC40Flasher.cpp">
      <Filter>Source Files\RC40Flasher</Filter>
    </ClCompile>
  </ItemGroup>
  <ItemGroup>
    <None Include="..\README.txt" />
    <None Include="packages.config" />
  </ItemGroup>
  <ItemGroup>
    <Library Include="pcan\lib\x86\PCANBasic.lib">
      <Filter>lib\pcan\x86</Filter>
    </Library>
    <Library Include="pcan\lib\x64\PCANBasic.lib">
      <Filter>lib\pcan\x64</Filter>
    </Library>
  </ItemGroup>
</Project>